
Microsoft Visual Studio Solution File, Format Version 12.00
# Visual Studio Version 16
VisualStudioVersion = 16.0.31019.35
MinimumVisualStudioVersion = 10.0.40219.1
Project("{9A19103F-16F7-4668-BE54-9A1E7A4F7556}") = "TestioProject", "TestioProject\TestioProject.csproj", "{FF2F185A-A4D4-4A64-ACC5-6B4E1CF9FCF6}"
EndProject
Project("{9A19103F-16F7-4668-BE54-9A1E7A4F7556}") = "TestioProject.DAL", "TestioProject.DAL\TestioProject.DAL.csproj", "{1AD549FA-278A-4BD6-9576-6AE8D6341267}"
EndProject
Project("{FAE04EC0-301F-11D3-BF4B-00C04F79EFBC}") = "TestioProject.BLL", "TestioProject.BLL\TestioProject.BLL.csproj", "{FAE88E70-6819-4D1D-972B-3C89956AD227}"
EndProject
Project("{FAE04EC0-301F-11D3-BF4B-00C04F79EFBC}") = "TestioProject.PL", "TestioProject.PL\TestioProject.PL.csproj", "{8954E86D-5F22-48D3-9B01-B30C57CA6A2F}"
EndProject
Global
	GlobalSection(SolutionConfigurationPlatforms) = preSolution
		Debug|Any CPU = Debug|Any CPU
		Release|Any CPU = Release|Any CPU
	EndGlobalSection
	GlobalSection(ProjectConfigurationPlatforms) = postSolution
		{FF2F185A-A4D4-4A64-ACC5-6B4E1CF9FCF6}.Debug|Any CPU.ActiveCfg = Debug|Any CPU
		{FF2F185A-A4D4-4A64-ACC5-6B4E1CF9FCF6}.Debug|Any CPU.Build.0 = Debug|Any CPU
		{FF2F185A-A4D4-4A64-ACC5-6B4E1CF9FCF6}.Release|Any CPU.ActiveCfg = Release|Any CPU
		{FF2F185A-A4D4-4A64-ACC5-6B4E1CF9FCF6}.Release|Any CPU.Build.0 = Release|Any CPU
		{1AD549FA-278A-4BD6-9576-6AE8D6341267}.Debug|Any CPU.ActiveCfg = Debug|Any CPU
		{1AD549FA-278A-4BD6-9576-6AE8D6341267}.Debug|Any CPU.Build.0 = Debug|Any CPU
		{1AD549FA-278A-4BD6-9576-6AE8D6341267}.Release|Any CPU.ActiveCfg = Release|Any CPU
		{1AD549FA-278A-4BD6-9576-6AE8D6341267}.Release|Any CPU.Build.0 = Release|Any CPU
		{FAE88E70-6819-4D1D-972B-3C89956AD227}.Debug|Any CPU.ActiveCfg = Debug|Any CPU
		{FAE88E70-6819-4D1D-972B-3C89956AD227}.Debug|Any CPU.Build.0 = Debug|Any CPU
		{FAE88E70-6819-4D1D-972B-3C89956AD227}.Release|Any CPU.ActiveCfg = Release|Any CPU
		{FAE88E70-6819-4D1D-972B-3C89956AD227}.Release|Any CPU.Build.0 = Release|Any CPU
		{8954E86D-5F22-48D3-9B01-B30C57CA6A2F}.Debug|Any CPU.ActiveCfg = Debug|Any CPU
		{8954E86D-5F22-48D3-9B01-B30C57CA6A2F}.Debug|Any CPU.Build.0 = Debug|Any CPU
		{8954E86D-5F22-48D3-9B01-B30C57CA6A2F}.Release|Any CPU.ActiveCfg = Release|Any CPU
		{8954E86D-5F22-48D3-9B01-B30C57CA6A2F}.Release|Any CPU.Build.0 = Release|Any CPU
	EndGlobalSection
	GlobalSection(SolutionProperties) = preSolution
		HideSolutionNode = FALSE
	EndGlobalSection
	GlobalSection(ExtensibilityGlobals) = postSolution
		SolutionGuid = {E9E63749-5371-4E8E-ABA3-D2F0FFAFA20F}
	EndGlobalSection
EndGlobal
